
Microsoft Visual Studio Solution File, Format Version 12.00
# Visual Studio Version 16
VisualStudioVersion = 16.0.28729.10
MinimumVisualStudioVersion = 10.0.40219.1
Project("{FAE04EC0-301F-11D3-BF4B-00C04F79EFBC}") = "StudentsWebApi", "StudentsWebApi\StudentsWebApi.csproj", "{991C72E9-15AE-4119-8F35-CCC0993D2697}"
EndProject
Global
	GlobalSection(SolutionConfigurationPlatforms) = preSolution
		Debug|Any CPU = Debug|Any CPU
		Release|Any CPU = Release|Any CPU
	EndGlobalSection
	GlobalSection(ProjectConfigurationPlatforms) = postSolution
		{991C72E9-15AE-4119-8F35-CCC0993D2697}.Debug|Any CPU.ActiveCfg = Debug|Any CPU
		{991C72E9-15AE-4119-8F35-CCC0993D2697}.Debug|Any CPU.Build.0 = Debug|Any CPU
		{991C72E9-15AE-4119-8F35-CCC0993D2697}.Release|Any CPU.ActiveCfg = Release|Any CPU
		{991C72E9-15AE-4119-8F35-CCC0993D2697}.Release|Any CPU.Build.0 = Release|Any CPU
	EndGlobalSection
	GlobalSection(SolutionProperties) = preSolution
		HideSolutionNode = FALSE
	EndGlobalSection
	GlobalSection(ExtensibilityGlobals) = postSolution
		SolutionGuid = {DA46498A-EAF4-480E-83D9-BE66311A380A}
	EndGlobalSection
EndGlobal
